
Microsoft Visual Studio Solution File, Format Version 12.00
# Visual Studio 15
VisualStudioVersion = 15.0.28307.779
MinimumVisualStudioVersion = 10.0.40219.1
Project("{9A19103F-16F7-4668-BE54-9A1E7A4F7556}") = "WebApp", "WebApp\WebApp.csproj", "{3E84BA0A-62D9-464B-89FE-4E18CD7CEF62}"
EndProject
Project("{9A19103F-16F7-4668-BE54-9A1E7A4F7556}") = "WebAPI", "WebAPI\WebAPI.csproj", "{F65E23BF-6BE3-49C4-986A-89635A77BC1C}"
EndProject
Project("{9A19103F-16F7-4668-BE54-9A1E7A4F7556}") = "WebCore", "WebCore\WebCore.csproj", "{2893DEAA-625A-4FB0-A0E1-210553988C1F}"
EndProject
Project("{FAE04EC0-301F-11D3-BF4B-00C04F79EFBC}") = "WebData", "WebData\WebData.csproj", "{594458E9-6890-4AE1-A316-5741508AD58B}"
EndProject
Global
	GlobalSection(SolutionConfigurationPlatforms) = preSolution
		Debug|Any CPU = Debug|Any CPU
		Release|Any CPU = Release|Any CPU
	EndGlobalSection
	GlobalSection(ProjectConfigurationPlatforms) = postSolution
		{3E84BA0A-62D9-464B-89FE-4E18CD7CEF62}.Debug|Any CPU.ActiveCfg = Debug|Any CPU
		{3E84BA0A-62D9-464B-89FE-4E18CD7CEF62}.Debug|Any CPU.Build.0 = Debug|Any CPU
		{3E84BA0A-62D9-464B-89FE-4E18CD7CEF62}.Release|Any CPU.ActiveCfg = Release|Any CPU
		{3E84BA0A-62D9-464B-89FE-4E18CD7CEF62}.Release|Any CPU.Build.0 = Release|Any CPU
		{F65E23BF-6BE3-49C4-986A-89635A77BC1C}.Debug|Any CPU.ActiveCfg = Debug|Any CPU
		{F65E23BF-6BE3-49C4-986A-89635A77BC1C}.Debug|Any CPU.Build.0 = Debug|Any CPU
		{F65E23BF-6BE3-49C4-986A-89635A77BC1C}.Release|Any CPU.ActiveCfg = Release|Any CPU
		{F65E23BF-6BE3-49C4-986A-89635A77BC1C}.Release|Any CPU.Build.0 = Release|Any CPU
		{2893DEAA-625A-4FB0-A0E1-210553988C1F}.Debug|Any CPU.ActiveCfg = Debug|Any CPU
		{2893DEAA-625A-4FB0-A0E1-210553988C1F}.Debug|Any CPU.Build.0 = Debug|Any CPU
		{2893DEAA-625A-4FB0-A0E1-210553988C1F}.Release|Any CPU.ActiveCfg = Release|Any CPU
		{2893DEAA-625A-4FB0-A0E1-210553988C1F}.Release|Any CPU.Build.0 = Release|Any CPU
		{594458E9-6890-4AE1-A316-5741508AD58B}.Debug|Any CPU.ActiveCfg = Debug|Any CPU
		{594458E9-6890-4AE1-A316-5741508AD58B}.Debug|Any CPU.Build.0 = Debug|Any CPU
		{594458E9-6890-4AE1-A316-5741508AD58B}.Release|Any CPU.ActiveCfg = Release|Any CPU
		{594458E9-6890-4AE1-A316-5741508AD58B}.Release|Any CPU.Build.0 = Release|Any CPU
	EndGlobalSection
	GlobalSection(SolutionProperties) = preSolution
		HideSolutionNode = FALSE
	EndGlobalSection
	GlobalSection(ExtensibilityGlobals) = postSolution
		SolutionGuid = {7F0E5D0C-7A23-4A14-BFD1-194EF4BB516F}
	EndGlobalSection
EndGlobal
